{
  "object": {
    "pins": [
      {
        "package": "EITKitMobile",
        "repositoryURL": "https://github.com/ccfbeltran/EITKitMobile.git",
        "state": {
          "branch": "master",
          "revision": "31323252f4dc0e6da81a5619ef208407f2f860a3",
          "version": null
        }
      },
      {
        "package": "Surge",
        "repositoryURL": "https://github.com/Jounce/Surge",
        "state": {
          "branch": null,
          "revision": "6e4a47e63da8801afe6188cf039e9f04eb577721",
          "version": "2.3.2"
        }
      }
    ]
  },
  "version": 1
}
