{
  "object": {
    "pins": [
      {
        "package": "EITKitMobile",
        "repositoryURL": "https://github.com/ccfbeltran/EITKitMobile.git",
        "state": {
          "branch": "master",
          "revision": "e91f77afe6486cc9afd891373607e5bf6d26afd2",
          "version": null
        }
      },
      {
        "package": "Surge",
        "repositoryURL": "https://github.com/Jounce/Surge",
        "state": {
          "branch": null,
          "revision": "6e4a47e63da8801afe6188cf039e9f04eb577721",
          "version": "2.3.2"
        }
      }
    ]
  },
  "version": 1
}
